
Microsoft Visual Studio Solution File, Format Version 12.00
# Visual Studio Version 17
VisualStudioVersion = 17.12.35514.174 d17.12
MinimumVisualStudioVersion = 10.0.40219.1
Project("{FAE04EC0-301F-11D3-BF4B-00C04F79EFBC}") = "EduTrailblaze.API", "EduTrailblaze.API\EduTrailblaze.API.csproj", "{39C90699-760A-474C-A450-0B20A362ACF3}"
EndProject
Project("{FAE04EC0-301F-11D3-BF4B-00C04F79EFBC}") = "EduTrailblaze.Entities", "EduTrailblaze.Entities\EduTrailblaze.Entities.csproj", "{C8E6220F-414A-4273-8BC1-AF98BDEA2F58}"
EndProject
Project("{FAE04EC0-301F-11D3-BF4B-00C04F79EFBC}") = "EduTrailblaze.Repositories", "EduTrailblaze.Repositories\EduTrailblaze.Repositories.csproj", "{417AFBEF-5833-4312-9ED9-106EFDED4083}"
EndProject
Project("{FAE04EC0-301F-11D3-BF4B-00C04F79EFBC}") = "EduTrailblaze.Services", "EduTrailblaze.Services\EduTrailblaze.Services.csproj", "{2941F318-FE46-42C3-9230-CFE31D905C4E}"
EndProject
Global
	GlobalSection(SolutionConfigurationPlatforms) = preSolution
		Debug|Any CPU = Debug|Any CPU
		Release|Any CPU = Release|Any CPU
	EndGlobalSection
	GlobalSection(ProjectConfigurationPlatforms) = postSolution
		{39C90699-760A-474C-A450-0B20A362ACF3}.Debug|Any CPU.ActiveCfg = Debug|Any CPU
		{39C90699-760A-474C-A450-0B20A362ACF3}.Debug|Any CPU.Build.0 = Debug|Any CPU
		{39C90699-760A-474C-A450-0B20A362ACF3}.Release|Any CPU.ActiveCfg = Release|Any CPU
		{39C90699-760A-474C-A450-0B20A362ACF3}.Release|Any CPU.Build.0 = Release|Any CPU
		{C8E6220F-414A-4273-8BC1-AF98BDEA2F58}.Debug|Any CPU.ActiveCfg = Debug|Any CPU
		{C8E6220F-414A-4273-8BC1-AF98BDEA2F58}.Debug|Any CPU.Build.0 = Debug|Any CPU
		{C8E6220F-414A-4273-8BC1-AF98BDEA2F58}.Release|Any CPU.ActiveCfg = Release|Any CPU
		{C8E6220F-414A-4273-8BC1-AF98BDEA2F58}.Release|Any CPU.Build.0 = Release|Any CPU
		{417AFBEF-5833-4312-9ED9-106EFDED4083}.Debug|Any CPU.ActiveCfg = Debug|Any CPU
		{417AFBEF-5833-4312-9ED9-106EFDED4083}.Debug|Any CPU.Build.0 = Debug|Any CPU
		{417AFBEF-5833-4312-9ED9-106EFDED4083}.Release|Any CPU.ActiveCfg = Release|Any CPU
		{417AFBEF-5833-4312-9ED9-106EFDED4083}.Release|Any CPU.Build.0 = Release|Any CPU
		{2941F318-FE46-42C3-9230-CFE31D905C4E}.Debug|Any CPU.ActiveCfg = Debug|Any CPU
		{2941F318-FE46-42C3-9230-CFE31D905C4E}.Debug|Any CPU.Build.0 = Debug|Any CPU
		{2941F318-FE46-42C3-9230-CFE31D905C4E}.Release|Any CPU.ActiveCfg = Release|Any CPU
		{2941F318-FE46-42C3-9230-CFE31D905C4E}.Release|Any CPU.Build.0 = Release|Any CPU
	EndGlobalSection
	GlobalSection(SolutionProperties) = preSolution
		HideSolutionNode = FALSE
	EndGlobalSection
EndGlobal
